// !$*UTF8*$!
{
	archiveVersion = 1;
	classes = {
	};
	objectVersion = 56;
	objects = {

/* Begin PBXBuildFile section */
		04417F352B5784A400EA12C6 /* SignInView.swift in Sources */ = {isa = PBXBuildFile; fileRef = 04417F342B5784A400EA12C6 /* SignInView.swift */; };
		04417F372B5787A600EA12C6 /* WelcomeText.swift in Sources */ = {isa = PBXBuildFile; fileRef = 04417F362B5787A600EA12C6 /* WelcomeText.swift */; };
		04417F5A2B59BFA100EA12C6 /* WelcomeAnimationImage.swift in Sources */ = {isa = PBXBuildFile; fileRef = 04417F592B59BFA100EA12C6 /* WelcomeAnimationImage.swift */; };
		04417F672B59E7FB00EA12C6 /* NumberTextField.swift in Sources */ = {isa = PBXBuildFile; fileRef = 04417F662B59E7FB00EA12C6 /* NumberTextField.swift */; };
		04417F6B2B5A24A600EA12C6 /* getOTPButton.swift in Sources */ = {isa = PBXBuildFile; fileRef = 04417F6A2B5A24A600EA12C6 /* getOTPButton.swift */; };
		04417F6D2B5A278D00EA12C6 /* SignInAnimationImage.swift in Sources */ = {isa = PBXBuildFile; fileRef = 04417F6C2B5A278D00EA12C6 /* SignInAnimationImage.swift */; };
		04417F732B5A47A900EA12C6 /* Image+PayMate.swift in Sources */ = {isa = PBXBuildFile; fileRef = 04417F722B5A47A900EA12C6 /* Image+PayMate.swift */; };
		045888E22B622D1F0014FA21 /* OTPVerificationView.swift in Sources */ = {isa = PBXBuildFile; fileRef = 045888E12B622D1F0014FA21 /* OTPVerificationView.swift */; };
		045888E62B630DB80014FA21 /* HomeView.swift in Sources */ = {isa = PBXBuildFile; fileRef = 045888E52B630DB80014FA21 /* HomeView.swift */; };
		0462C3C72B5B226500816F7D /* NumErrorType.swift in Sources */ = {isa = PBXBuildFile; fileRef = 0462C3C62B5B226500816F7D /* NumErrorType.swift */; };
		0498DF322B55E77500E848BE /* PayMateApp.swift in Sources */ = {isa = PBXBuildFile; fileRef = 0498DF312B55E77500E848BE /* PayMateApp.swift */; };
		0498DF342B55E77500E848BE /* ContentView.swift in Sources */ = {isa = PBXBuildFile; fileRef = 0498DF332B55E77500E848BE /* ContentView.swift */; };
		0498DF362B55E77600E848BE /* Assets.xcassets in Resources */ = {isa = PBXBuildFile; fileRef = 0498DF352B55E77600E848BE /* Assets.xcassets */; };
		0498DF392B55E77600E848BE /* Preview Assets.xcassets in Resources */ = {isa = PBXBuildFile; fileRef = 0498DF382B55E77600E848BE /* Preview Assets.xcassets */; };
		0498DF412B55EA6C00E848BE /* PhoneNumberKit in Frameworks */ = {isa = PBXBuildFile; productRef = 0498DF402B55EA6C00E848BE /* PhoneNumberKit */; };
		0498DF492B562CE700E848BE /* WelcomeView.swift in Sources */ = {isa = PBXBuildFile; fileRef = 0498DF482B562CE700E848BE /* WelcomeView.swift */; };
		0498DF4C2B573E1F00E848BE /* LaunchScreenView.swift in Sources */ = {isa = PBXBuildFile; fileRef = 0498DF4B2B573E1F00E848BE /* LaunchScreenView.swift */; };
		04CB9E1F2B630FE800A58BAB /* Api.swift in Sources */ = {isa = PBXBuildFile; fileRef = 04CB9E1E2B630FE800A58BAB /* Api.swift */; };
/* End PBXBuildFile section */

/* Begin PBXFileReference section */
		04417F342B5784A400EA12C6 /* SignInView.swift */ = {isa = PBXFileReference; lastKnownFileType = sourcecode.swift; path = SignInView.swift; sourceTree = "<group>"; };
		04417F362B5787A600EA12C6 /* WelcomeText.swift */ = {isa = PBXFileReference; lastKnownFileType = sourcecode.swift; path = WelcomeText.swift; sourceTree = "<group>"; };
		04417F592B59BFA100EA12C6 /* WelcomeAnimationImage.swift */ = {isa = PBXFileReference; lastKnownFileType = sourcecode.swift; path = WelcomeAnimationImage.swift; sourceTree = "<group>"; };
		04417F662B59E7FB00EA12C6 /* NumberTextField.swift */ = {isa = PBXFileReference; lastKnownFileType = sourcecode.swift; path = NumberTextField.swift; sourceTree = "<group>"; };
		04417F6A2B5A24A600EA12C6 /* getOTPButton.swift */ = {isa = PBXFileReference; lastKnownFileType = sourcecode.swift; path = getOTPButton.swift; sourceTree = "<group>"; };
		04417F6C2B5A278D00EA12C6 /* SignInAnimationImage.swift */ = {isa = PBXFileReference; lastKnownFileType = sourcecode.swift; path = SignInAnimationImage.swift; sourceTree = "<group>"; };
		04417F722B5A47A900EA12C6 /* Image+PayMate.swift */ = {isa = PBXFileReference; lastKnownFileType = sourcecode.swift; path = "Image+PayMate.swift"; sourceTree = "<group>"; };
		045888E12B622D1F0014FA21 /* OTPVerificationView.swift */ = {isa = PBXFileReference; lastKnownFileType = sourcecode.swift; path = OTPVerificationView.swift; sourceTree = "<group>"; };
		045888E52B630DB80014FA21 /* HomeView.swift */ = {isa = PBXFileReference; lastKnownFileType = sourcecode.swift; path = HomeView.swift; sourceTree = "<group>"; };
		0462C3C62B5B226500816F7D /* NumErrorType.swift */ = {isa = PBXFileReference; lastKnownFileType = sourcecode.swift; path = NumErrorType.swift; sourceTree = "<group>"; };
		0498DF2E2B55E77500E848BE /* PayMate.app */ = {isa = PBXFileReference; explicitFileType = wrapper.application; includeInIndex = 0; path = PayMate.app; sourceTree = BUILT_PRODUCTS_DIR; };
		0498DF312B55E77500E848BE /* PayMateApp.swift */ = {isa = PBXFileReference; lastKnownFileType = sourcecode.swift; path = PayMateApp.swift; sourceTree = "<group>"; };
		0498DF332B55E77500E848BE /* ContentView.swift */ = {isa = PBXFileReference; lastKnownFileType = sourcecode.swift; path = ContentView.swift; sourceTree = "<group>"; };
		0498DF352B55E77600E848BE /* Assets.xcassets */ = {isa = PBXFileReference; lastKnownFileType = folder.assetcatalog; path = Assets.xcassets; sourceTree = "<group>"; };
		0498DF382B55E77600E848BE /* Preview Assets.xcassets */ = {isa = PBXFileReference; lastKnownFileType = folder.assetcatalog; path = "Preview Assets.xcassets"; sourceTree = "<group>"; };
		0498DF422B56169200E848BE /* Info.plist */ = {isa = PBXFileReference; lastKnownFileType = text.plist; path = Info.plist; sourceTree = "<group>"; };
		0498DF482B562CE700E848BE /* WelcomeView.swift */ = {isa = PBXFileReference; lastKnownFileType = sourcecode.swift; path = WelcomeView.swift; sourceTree = "<group>"; };
		0498DF4B2B573E1F00E848BE /* LaunchScreenView.swift */ = {isa = PBXFileReference; lastKnownFileType = sourcecode.swift; path = LaunchScreenView.swift; sourceTree = "<group>"; };
		04CB9E1E2B630FE800A58BAB /* Api.swift */ = {isa = PBXFileReference; fileEncoding = 4; lastKnownFileType = sourcecode.swift; path = Api.swift; sourceTree = "<group>"; };
/* End PBXFileReference section */

/* Begin PBXFrameworksBuildPhase section */
		0498DF2B2B55E77500E848BE /* Frameworks */ = {
			isa = PBXFrameworksBuildPhase;
			buildActionMask = 2147483647;
			files = (
				0498DF412B55EA6C00E848BE /* PhoneNumberKit in Frameworks */,
			);
			runOnlyForDeploymentPostprocessing = 0;
		};
/* End PBXFrameworksBuildPhase section */

/* Begin PBXGroup section */
		04417F5B2B59BFB000EA12C6 /* SignInScreen */ = {
			isa = PBXGroup;
			children = (
				04417F342B5784A400EA12C6 /* SignInView.swift */,
				04417F6C2B5A278D00EA12C6 /* SignInAnimationImage.swift */,
				04417F662B59E7FB00EA12C6 /* NumberTextField.swift */,
				04417F6A2B5A24A600EA12C6 /* getOTPButton.swift */,
				0462C3C62B5B226500816F7D /* NumErrorType.swift */,
			);
			path = SignInScreen;
			sourceTree = "<group>";
		};
		04417F742B5A47C400EA12C6 /* Extensions */ = {
			isa = PBXGroup;
			children = (
				04417F722B5A47A900EA12C6 /* Image+PayMate.swift */,
			);
			path = Extensions;
			sourceTree = "<group>";
		};
		045888E02B621D760014FA21 /* OTPScreen */ = {
			isa = PBXGroup;
			children = (
				045888E12B622D1F0014FA21 /* OTPVerificationView.swift */,
				04CB9E1E2B630FE800A58BAB /* Api.swift */,
			);
			path = OTPScreen;
			sourceTree = "<group>";
		};
		045888E72B630DBD0014FA21 /* HomeScreen */ = {
			isa = PBXGroup;
			children = (
				045888E52B630DB80014FA21 /* HomeView.swift */,
			);
			path = HomeScreen;
			sourceTree = "<group>";
		};
		0498DF252B55E77500E848BE = {
			isa = PBXGroup;
			children = (
				0498DF302B55E77500E848BE /* PayMate */,
				0498DF2F2B55E77500E848BE /* Products */,
			);
			sourceTree = "<group>";
		};
		0498DF2F2B55E77500E848BE /* Products */ = {
			isa = PBXGroup;
			children = (
				0498DF2E2B55E77500E848BE /* PayMate.app */,
			);
			name = Products;
			sourceTree = "<group>";
		};
		0498DF302B55E77500E848BE /* PayMate */ = {
			isa = PBXGroup;
			children = (
				0498DF422B56169200E848BE /* Info.plist */,
				0498DF312B55E77500E848BE /* PayMateApp.swift */,
				0498DF332B55E77500E848BE /* ContentView.swift */,
				045888E72B630DBD0014FA21 /* HomeScreen */,
				045888E02B621D760014FA21 /* OTPScreen */,
				04417F5B2B59BFB000EA12C6 /* SignInScreen */,
				0498DF4A2B562CF000E848BE /* WelcomeScreen */,
				0498DF472B561D1800E848BE /* LaunchScreen */,
				04417F742B5A47C400EA12C6 /* Extensions */,
				0498DF352B55E77600E848BE /* Assets.xcassets */,
				0498DF372B55E77600E848BE /* Preview Content */,
			);
			path = PayMate;
			sourceTree = "<group>";
		};
		0498DF372B55E77600E848BE /* Preview Content */ = {
			isa = PBXGroup;
			children = (
				0498DF382B55E77600E848BE /* Preview Assets.xcassets */,
			);
			path = "Preview Content";
			sourceTree = "<group>";
		};
		0498DF472B561D1800E848BE /* LaunchScreen */ = {
			isa = PBXGroup;
			children = (
				0498DF4B2B573E1F00E848BE /* LaunchScreenView.swift */,
			);
			path = LaunchScreen;
			sourceTree = "<group>";
		};
		0498DF4A2B562CF000E848BE /* WelcomeScreen */ = {
			isa = PBXGroup;
			children = (
				0498DF482B562CE700E848BE /* WelcomeView.swift */,
				04417F592B59BFA100EA12C6 /* WelcomeAnimationImage.swift */,
				04417F362B5787A600EA12C6 /* WelcomeText.swift */,
			);
			path = WelcomeScreen;
			sourceTree = "<group>";
		};
/* End PBXGroup section */

/* Begin PBXNativeTarget section */
		0498DF2D2B55E77500E848BE /* PayMate */ = {
			isa = PBXNativeTarget;
			buildConfigurationList = 0498DF3C2B55E77600E848BE /* Build configuration list for PBXNativeTarget "PayMate" */;
			buildPhases = (
				0498DF2A2B55E77500E848BE /* Sources */,
				0498DF2B2B55E77500E848BE /* Frameworks */,
				0498DF2C2B55E77500E848BE /* Resources */,
			);
			buildRules = (
			);
			dependencies = (
			);
			name = PayMate;
			packageProductDependencies = (
				0498DF402B55EA6C00E848BE /* PhoneNumberKit */,
			);
			productName = PayMate;
			productReference = 0498DF2E2B55E77500E848BE /* PayMate.app */;
			productType = "com.apple.product-type.application";
		};
/* End PBXNativeTarget section */

/* Begin PBXProject section */
		0498DF262B55E77500E848BE /* Project object */ = {
			isa = PBXProject;
			attributes = {
				BuildIndependentTargetsInParallel = 1;
				LastSwiftUpdateCheck = 1510;
				LastUpgradeCheck = 1510;
				TargetAttributes = {
					0498DF2D2B55E77500E848BE = {
						CreatedOnToolsVersion = 15.1;
					};
				};
			};
			buildConfigurationList = 0498DF292B55E77500E848BE /* Build configuration list for PBXProject "PayMate" */;
			compatibilityVersion = "Xcode 14.0";
			developmentRegion = en;
			hasScannedForEncodings = 0;
			knownRegions = (
				en,
				Base,
			);
			mainGroup = 0498DF252B55E77500E848BE;
			packageReferences = (
				0498DF3F2B55EA6C00E848BE /* XCRemoteSwiftPackageReference "PhoneNumberKit" */,
			);
			productRefGroup = 0498DF2F2B55E77500E848BE /* Products */;
			projectDirPath = "";
			projectRoot = "";
			targets = (
				0498DF2D2B55E77500E848BE /* PayMate */,
			);
		};
/* End PBXProject section */

/* Begin PBXResourcesBuildPhase section */
		0498DF2C2B55E77500E848BE /* Resources */ = {
			isa = PBXResourcesBuildPhase;
			buildActionMask = 2147483647;
			files = (
				0498DF392B55E77600E848BE /* Preview Assets.xcassets in Resources */,
				0498DF362B55E77600E848BE /* Assets.xcassets in Resources */,
			);
			runOnlyForDeploymentPostprocessing = 0;
		};
/* End PBXResourcesBuildPhase section */

/* Begin PBXSourcesBuildPhase section */
		0498DF2A2B55E77500E848BE /* Sources */ = {
			isa = PBXSourcesBuildPhase;
			buildActionMask = 2147483647;
			files = (
				0498DF342B55E77500E848BE /* ContentView.swift in Sources */,
				045888E62B630DB80014FA21 /* HomeView.swift in Sources */,
				0498DF492B562CE700E848BE /* WelcomeView.swift in Sources */,
				04CB9E1F2B630FE800A58BAB /* Api.swift in Sources */,
				0498DF322B55E77500E848BE /* PayMateApp.swift in Sources */,
				04417F5A2B59BFA100EA12C6 /* WelcomeAnimationImage.swift in Sources */,
				045888E22B622D1F0014FA21 /* OTPVerificationView.swift in Sources */,
				04417F6D2B5A278D00EA12C6 /* SignInAnimationImage.swift in Sources */,
				04417F672B59E7FB00EA12C6 /* NumberTextField.swift in Sources */,
				04417F372B5787A600EA12C6 /* WelcomeText.swift in Sources */,
				0498DF4C2B573E1F00E848BE /* LaunchScreenView.swift in Sources */,
				04417F6B2B5A24A600EA12C6 /* getOTPButton.swift in Sources */,
				04417F352B5784A400EA12C6 /* SignInView.swift in Sources */,
				0462C3C72B5B226500816F7D /* NumErrorType.swift in Sources */,
				04417F732B5A47A900EA12C6 /* Image+PayMate.swift in Sources */,
			);
			runOnlyForDeploymentPostprocessing = 0;
		};
/* End PBXSourcesBuildPhase section */

/* Begin XCBuildConfiguration section */
		0498DF3A2B55E77600E848BE /* Debug */ = {
			isa = XCBuildConfiguration;
			buildSettings = {
				ALWAYS_SEARCH_USER_PATHS = NO;
				ASSETCATALOG_COMPILER_GENERATE_SWIFT_ASSET_SYMBOL_EXTENSIONS = YES;
				CLANG_ANALYZER_NONNULL = YES;
				CLANG_ANALYZER_NUMBER_OBJECT_CONVERSION = YES_AGGRESSIVE;
				CLANG_CXX_LANGUAGE_STANDARD = "gnu++20";
				CLANG_ENABLE_MODULES = YES;
				CLANG_ENABLE_OBJC_ARC = YES;
				CLANG_ENABLE_OBJC_WEAK = YES;
				CLANG_WARN_BLOCK_CAPTURE_AUTORELEASING = YES;
				CLANG_WARN_BOOL_CONVERSION = YES;
				CLANG_WARN_COMMA = YES;
				CLANG_WARN_CONSTANT_CONVERSION = YES;
				CLANG_WARN_DEPRECATED_OBJC_IMPLEMENTATIONS = YES;
				CLANG_WARN_DIRECT_OBJC_ISA_USAGE = YES_ERROR;
				CLANG_WARN_DOCUMENTATION_COMMENTS = YES;
				CLANG_WARN_EMPTY_BODY = YES;
				CLANG_WARN_ENUM_CONVERSION = YES;
				CLANG_WARN_INFINITE_RECURSION = YES;
				CLANG_WARN_INT_CONVERSION = YES;
				CLANG_WARN_NON_LITERAL_NULL_CONVERSION = YES;
				CLANG_WARN_OBJC_IMPLICIT_RETAIN_SELF = YES;
				CLANG_WARN_OBJC_LITERAL_CONVERSION = YES;
				CLANG_WARN_OBJC_ROOT_CLASS = YES_ERROR;
				CLANG_WARN_QUOTED_INCLUDE_IN_FRAMEWORK_HEADER = YES;
				CLANG_WARN_RANGE_LOOP_ANALYSIS = YES;
				CLANG_WARN_STRICT_PROTOTYPES = YES;
				CLANG_WARN_SUSPICIOUS_MOVE = YES;
				CLANG_WARN_UNGUARDED_AVAILABILITY = YES_AGGRESSIVE;
				CLANG_WARN_UNREACHABLE_CODE = YES;
				CLANG_WARN__DUPLICATE_METHOD_MATCH = YES;
				COPY_PHASE_STRIP = NO;
				DEBUG_INFORMATION_FORMAT = dwarf;
				ENABLE_STRICT_OBJC_MSGSEND = YES;
				ENABLE_TESTABILITY = YES;
				ENABLE_USER_SCRIPT_SANDBOXING = YES;
				GCC_C_LANGUAGE_STANDARD = gnu17;
				GCC_DYNAMIC_NO_PIC = NO;
				GCC_NO_COMMON_BLOCKS = YES;
				GCC_OPTIMIZATION_LEVEL = 0;
				GCC_PREPROCESSOR_DEFINITIONS = (
					"DEBUG=1",
					"$(inherited)",
				);
				GCC_WARN_64_TO_32_BIT_CONVERSION = YES;
				GCC_WARN_ABOUT_RETURN_TYPE = YES_ERROR;
				GCC_WARN_UNDECLARED_SELECTOR = YES;
				GCC_WARN_UNINITIALIZED_AUTOS = YES_AGGRESSIVE;
				GCC_WARN_UNUSED_FUNCTION = YES;
				GCC_WARN_UNUSED_VARIABLE = YES;
				IPHONEOS_DEPLOYMENT_TARGET = 17.0;
				LOCALIZATION_PREFERS_STRING_CATALOGS = YES;
				MTL_ENABLE_DEBUG_INFO = INCLUDE_SOURCE;
				MTL_FAST_MATH = YES;
				ONLY_ACTIVE_ARCH = YES;
				SDKROOT = iphoneos;
				SWIFT_ACTIVE_COMPILATION_CONDITIONS = "DEBUG $(inherited)";
				SWIFT_OPTIMIZATION_LEVEL = "-Onone";
			};
			name = Debug;
		};
		0498DF3B2B55E77600E848BE /* Release */ = {
			isa = XCBuildConfiguration;
			buildSettings = {
				ALWAYS_SEARCH_USER_PATHS = NO;
				ASSETCATALOG_COMPILER_GENERATE_SWIFT_ASSET_SYMBOL_EXTENSIONS = YES;
				CLANG_ANALYZER_NONNULL = YES;
				CLANG_ANALYZER_NUMBER_OBJECT_CONVERSION = YES_AGGRESSIVE;
				CLANG_CXX_LANGUAGE_STANDARD = "gnu++20";
				CLANG_ENABLE_MODULES = YES;
				CLANG_ENABLE_OBJC_ARC = YES;
				CLANG_ENABLE_OBJC_WEAK = YES;
				CLANG_WARN_BLOCK_CAPTURE_AUTORELEASING = YES;
				CLANG_WARN_BOOL_CONVERSION = YES;
				CLANG_WARN_COMMA = YES;
				CLANG_WARN_CONSTANT_CONVERSION = YES;
				CLANG_WARN_DEPRECATED_OBJC_IMPLEMENTATIONS = YES;
				CLANG_WARN_DIRECT_OBJC_ISA_USAGE = YES_ERROR;
				CLANG_WARN_DOCUMENTATION_COMMENTS = YES;
				CLANG_WARN_EMPTY_BODY = YES;
				CLANG_WARN_ENUM_CONVERSION = YES;
				CLANG_WARN_INFINITE_RECURSION = YES;
				CLANG_WARN_INT_CONVERSION = YES;
				CLANG_WARN_NON_LITERAL_NULL_CONVERSION = YES;
				CLANG_WARN_OBJC_IMPLICIT_RETAIN_SELF = YES;
				CLANG_WARN_OBJC_LITERAL_CONVERSION = YES;
				CLANG_WARN_OBJC_ROOT_CLASS = YES_ERROR;
				CLANG_WARN_QUOTED_INCLUDE_IN_FRAMEWORK_HEADER = YES;
				CLANG_WARN_RANGE_LOOP_ANALYSIS = YES;
				CLANG_WARN_STRICT_PROTOTYPES = YES;
				CLANG_WARN_SUSPICIOUS_MOVE = YES;
				CLANG_WARN_UNGUARDED_AVAILABILITY = YES_AGGRESSIVE;
				CLANG_WARN_UNREACHABLE_CODE = YES;
				CLANG_WARN__DUPLICATE_METHOD_MATCH = YES;
				COPY_PHASE_STRIP = NO;
				DEBUG_INFORMATION_FORMAT = "dwarf-with-dsym";
				ENABLE_NS_ASSERTIONS = NO;
				ENABLE_STRICT_OBJC_MSGSEND = YES;
				ENABLE_USER_SCRIPT_SANDBOXING = YES;
				GCC_C_LANGUAGE_STANDARD = gnu17;
				GCC_NO_COMMON_BLOCKS = YES;
				GCC_WARN_64_TO_32_BIT_CONVERSION = YES;
				GCC_WARN_ABOUT_RETURN_TYPE = YES_ERROR;
				GCC_WARN_UNDECLARED_SELECTOR = YES;
				GCC_WARN_UNINITIALIZED_AUTOS = YES_AGGRESSIVE;
				GCC_WARN_UNUSED_FUNCTION = YES;
				GCC_WARN_UNUSED_VARIABLE = YES;
				IPHONEOS_DEPLOYMENT_TARGET = 17.0;
				LOCALIZATION_PREFERS_STRING_CATALOGS = YES;
				MTL_ENABLE_DEBUG_INFO = NO;
				MTL_FAST_MATH = YES;
				SDKROOT = iphoneos;
				SWIFT_COMPILATION_MODE = wholemodule;
				VALIDATE_PRODUCT = YES;
			};
			name = Release;
		};
		0498DF3D2B55E77600E848BE /* Debug */ = {
			isa = XCBuildConfiguration;
			buildSettings = {
				ASSETCATALOG_COMPILER_APPICON_NAME = AppIcon;
				ASSETCATALOG_COMPILER_GLOBAL_ACCENT_COLOR_NAME = AccentColor;
				CODE_SIGN_STYLE = Automatic;
				CURRENT_PROJECT_VERSION = 1;
				DEVELOPMENT_ASSET_PATHS = "\"PayMate/Preview Content\"";
				DEVELOPMENT_TEAM = X6JB7G9XQ7;
				ENABLE_PREVIEWS = YES;
				GENERATE_INFOPLIST_FILE = YES;
				INFOPLIST_FILE = PayMate/Info.plist;
				INFOPLIST_KEY_LSApplicationCategoryType = "public.app-category.finance";
				INFOPLIST_KEY_UIApplicationSceneManifest_Generation = YES;
				INFOPLIST_KEY_UIApplicationSupportsIndirectInputEvents = YES;
				INFOPLIST_KEY_UISupportedInterfaceOrientations = UIInterfaceOrientationPortrait;
				IPHONEOS_DEPLOYMENT_TARGET = 17.0;
				LD_RUNPATH_SEARCH_PATHS = (
					"$(inherited)",
					"@executable_path/Frameworks",
				);
				MARKETING_VERSION = 1.0;
				PRODUCT_BUNDLE_IDENTIFIER = com.antonybluemel.PayMate;
				PRODUCT_NAME = "$(TARGET_NAME)";
				SUPPORTED_PLATFORMS = "iphoneos iphonesimulator";
				SUPPORTS_MACCATALYST = NO;
				SUPPORTS_MAC_DESIGNED_FOR_IPHONE_IPAD = NO;
				SWIFT_EMIT_LOC_STRINGS = YES;
				SWIFT_VERSION = 5.0;
				TARGETED_DEVICE_FAMILY = 1;
			};
			name = Debug;
		};
		0498DF3E2B55E77600E848BE /* Release */ = {
			isa = XCBuildConfiguration;
			buildSettings = {
				ASSETCATALOG_COMPILER_APPICON_NAME = AppIcon;
				ASSETCATALOG_COMPILER_GLOBAL_ACCENT_COLOR_NAME = AccentColor;
				CODE_SIGN_STYLE = Automatic;
				CURRENT_PROJECT_VERSION = 1;
				DEVELOPMENT_ASSET_PATHS = "\"PayMate/Preview Content\"";
				DEVELOPMENT_TEAM = X6JB7G9XQ7;
				ENABLE_PREVIEWS = YES;
				GENERATE_INFOPLIST_FILE = YES;
				INFOPLIST_FILE = PayMate/Info.plist;
				INFOPLIST_KEY_LSApplicationCategoryType = "public.app-category.finance";
				INFOPLIST_KEY_UIApplicationSceneManifest_Generation = YES;
				INFOPLIST_KEY_UIApplicationSupportsIndirectInputEvents = YES;
				INFOPLIST_KEY_UISupportedInterfaceOrientations = UIInterfaceOrientationPortrait;
				IPHONEOS_DEPLOYMENT_TARGET = 17.0;
				LD_RUNPATH_SEARCH_PATHS = (
					"$(inherited)",
					"@executable_path/Frameworks",
				);
				MARKETING_VERSION = 1.0;
				PRODUCT_BUNDLE_IDENTIFIER = com.antonybluemel.PayMate;
				PRODUCT_NAME = "$(TARGET_NAME)";
				SUPPORTED_PLATFORMS = "iphoneos iphonesimulator";
				SUPPORTS_MACCATALYST = NO;
				SUPPORTS_MAC_DESIGNED_FOR_IPHONE_IPAD = NO;
				SWIFT_EMIT_LOC_STRINGS = YES;
				SWIFT_VERSION = 5.0;
				TARGETED_DEVICE_FAMILY = 1;
			};
			name = Release;
		};
/* End XCBuildConfiguration section */

/* Begin XCConfigurationList section */
		0498DF292B55E77500E848BE /* Build configuration list for PBXProject "PayMate" */ = {
			isa = XCConfigurationList;
			buildConfigurations = (
				0498DF3A2B55E77600E848BE /* Debug */,
				0498DF3B2B55E77600E848BE /* Release */,
			);
			defaultConfigurationIsVisible = 0;
			defaultConfigurationName = Release;
		};
		0498DF3C2B55E77600E848BE /* Build configuration list for PBXNativeTarget "PayMate" */ = {
			isa = XCConfigurationList;
			buildConfigurations = (
				0498DF3D2B55E77600E848BE /* Debug */,
				0498DF3E2B55E77600E848BE /* Release */,
			);
			defaultConfigurationIsVisible = 0;
			defaultConfigurationName = Release;
		};
/* End XCConfigurationList section */

/* Begin XCRemoteSwiftPackageReference section */
		0498DF3F2B55EA6C00E848BE /* XCRemoteSwiftPackageReference "PhoneNumberKit" */ = {
			isa = XCRemoteSwiftPackageReference;
			repositoryURL = "https://github.com/marmelroy/PhoneNumberKit.git";
			requirement = {
				kind = upToNextMajorVersion;
				minimumVersion = 3.7.6;
			};
		};
/* End XCRemoteSwiftPackageReference section */

/* Begin XCSwiftPackageProductDependency section */
		0498DF402B55EA6C00E848BE /* PhoneNumberKit */ = {
			isa = XCSwiftPackageProductDependency;
			package = 0498DF3F2B55EA6C00E848BE /* XCRemoteSwiftPackageReference "PhoneNumberKit" */;
			productName = PhoneNumberKit;
		};
/* End XCSwiftPackageProductDependency section */
	};
	rootObject = 0498DF262B55E77500E848BE /* Project object */;
}
